
Microsoft Visual Studio Solution File, Format Version 12.00
# Visual Studio Version 17
VisualStudioVersion = 17.2.32630.192
MinimumVisualStudioVersion = 10.0.40219.1
Project("{FAE04EC0-301F-11D3-BF4B-00C04F79EFBC}") = "ConsoleApp1", "ConsoleApp1.csproj", "{7D7885F0-9CB6-42B3-808D-59171110BCBA}"
EndProject
Global
	GlobalSection(SolutionConfigurationPlatforms) = preSolution
		Debug|Any CPU = Debug|Any CPU
		Release|Any CPU = Release|Any CPU
	EndGlobalSection
	GlobalSection(ProjectConfigurationPlatforms) = postSolution
		{7D7885F0-9CB6-42B3-808D-59171110BCBA}.Debug|Any CPU.ActiveCfg = Debug|Any CPU
		{7D7885F0-9CB6-42B3-808D-59171110BCBA}.Debug|Any CPU.Build.0 = Debug|Any CPU
		{7D7885F0-9CB6-42B3-808D-59171110BCBA}.Release|Any CPU.ActiveCfg = Release|Any CPU
		{7D7885F0-9CB6-42B3-808D-59171110BCBA}.Release|Any CPU.Build.0 = Release|Any CPU
	EndGlobalSection
	GlobalSection(SolutionProperties) = preSolution
		HideSolutionNode = FALSE
	EndGlobalSection
	GlobalSection(ExtensibilityGlobals) = postSolution
		SolutionGuid = {084A42E2-F32A-45E0-9989-58036B85837E}
	EndGlobalSection
EndGlobal
